# THIS IS AN AUTOGENERATED FILE. DO NOT EDIT THIS FILE DIRECTLY.
# yarn lockfile v1


apexcharts@^6.8.0:
  version "6.8.0"
  resolved "https://registry.npmjs.org/apexcharts/-/apexcharts-6.8.0.tgz"
  integrity sha512-ifEl3w/NAMsKQ60JNDD8nRCGdnGeuuKNvUzZTQpPr/3JNewoZv98H42VpXFB96sHle/8GDsHn/NQp785xsNh4A==
